// !$*UTF8*$!
{
	archiveVersion = 1;
	classes = {
	};
	objectVersion = 46;
	objects = {

/* Begin PBXBuildFile section */
		CC7D25841BDDD07300232974 /* main.m in Sources */ = {isa = PBXBuildFile; fileRef = CC7D25831BDDD07300232974 /* main.m */; };
		CC7D25871BDDD07300232974 /* AppDelegate.m in Sources */ = {isa = PBXBuildFile; fileRef = CC7D25861BDDD07300232974 /* AppDelegate.m */; };
		CC7D258F1BDDD07300232974 /* Images.xcassets in Resources */ = {isa = PBXBuildFile; fileRef = CC7D258E1BDDD07300232974 /* Images.xcassets */; };
		CC7D25921BDDD07300232974 /* LaunchScreen.xib in Resources */ = {isa = PBXBuildFile; fileRef = CC7D25901BDDD07300232974 /* LaunchScreen.xib */; };
		CC7D259E1BDDD07300232974 /* _2_StaticTableViewCellTests.m in Sources */ = {isa = PBXBuildFile; fileRef = CC7D259D1BDDD07300232974 /* _2_StaticTableViewCellTests.m */; };
		CC7D25A91BDDD3C600232974 /* QYTableViewController.m in Sources */ = {isa = PBXBuildFile; fileRef = CC7D25A81BDDD3C600232974 /* QYTableViewController.m */; };
		CC7D25AC1BDDD53200232974 /* Main.storyboard in Resources */ = {isa = PBXBuildFile; fileRef = CC7D25AA1BDDD53200232974 /* Main.storyboard */; };
/* End PBXBuildFile section */

/* Begin PBXContainerItemProxy section */
		CC7D25981BDDD07300232974 /* PBXContainerItemProxy */ = {
			isa = PBXContainerItemProxy;
			containerPortal = CC7D25761BDDD07300232974 /* Project object */;
			proxyType = 1;
			remoteGlobalIDString = CC7D257D1BDDD07300232974;
			remoteInfo = "02-StaticTableViewCell";
		};
/* End PBXContainerItemProxy section */

/* Begin PBXFileReference section */
		CC7D257E1BDDD07300232974 /* 02-StaticTableViewCell.app */ = {isa = PBXFileReference; explicitFileType = wrapper.application; includeInIndex = 0; path = "02-StaticTableViewCell.app"; sourceTree = BUILT_PRODUCTS_DIR; };
		CC7D25821BDDD07300232974 /* Info.plist */ = {isa = PBXFileReference; lastKnownFileType = text.plist.xml; path = Info.plist; sourceTree = "<group>"; };
		CC7D25831BDDD07300232974 /* main.m */ = {isa = PBXFileReference; lastKnownFileType = sourcecode.c.objc; path = main.m; sourceTree = "<group>"; };
		CC7D25851BDDD07300232974 /* AppDelegate.h */ = {isa = PBXFileReference; lastKnownFileType = sourcecode.c.h; path = AppDelegate.h; sourceTree = "<group>"; };
		CC7D25861BDDD07300232974 /* AppDelegate.m */ = {isa = PBXFileReference; lastKnownFileType = sourcecode.c.objc; path = AppDelegate.m; sourceTree = "<group>"; };
		CC7D258E1BDDD07300232974 /* Images.xcassets */ = {isa = PBXFileReference; lastKnownFileType = folder.assetcatalog; path = Images.xcassets; sourceTree = "<group>"; };
		CC7D25911BDDD07300232974 /* Base */ = {isa = PBXFileReference; lastKnownFileType = file.xib; name = Base; path = Base.lproj/LaunchScreen.xib; sourceTree = "<group>"; };
		CC7D25971BDDD07300232974 /* 02-StaticTableViewCellTests.xctest */ = {isa = PBXFileReference; explicitFileType = wrapper.cfbundle; includeInIndex = 0; path = "02-StaticTableViewCellTests.xctest"; sourceTree = BUILT_PRODUCTS_DIR; };
		CC7D259C1BDDD07300232974 /* Info.plist */ = {isa = PBXFileReference; lastKnownFileType = text.plist.xml; path = Info.plist; sourceTree = "<group>"; };
		CC7D259D1BDDD07300232974 /* _2_StaticTableViewCellTests.m */ = {isa = PBXFileReference; lastKnownFileType = sourcecode.c.objc; path = _2_StaticTableViewCellTests.m; sourceTree = "<group>"; };
		CC7D25A71BDDD3C600232974 /* QYTableViewController.h */ = {isa = PBXFileReference; fileEncoding = 4; lastKnownFileType = sourcecode.c.h; path = QYTableViewController.h; sourceTree = "<group>"; };
		CC7D25A81BDDD3C600232974 /* QYTableViewController.m */ = {isa = PBXFileReference; fileEncoding = 4; lastKnownFileType = sourcecode.c.objc; path = QYTableViewController.m; sourceTree = "<group>"; };
		CC7D25AB1BDDD53200232974 /* Base */ = {isa = PBXFileReference; lastKnownFileType = file.storyboard; name = Base; path = Base.lproj/Main.storyboard; sourceTree = "<group>"; };
/* End PBXFileReference section */

/* Begin PBXFrameworksBuildPhase section */
		CC7D257B1BDDD07300232974 /* Frameworks */ = {
			isa = PBXFrameworksBuildPhase;
			buildActionMask = 2147483647;
			files = (
			);
			runOnlyForDeploymentPostprocessing = 0;
		};
		CC7D25941BDDD07300232974 /* Frameworks */ = {
			isa = PBXFrameworksBuildPhase;
			buildActionMask = 2147483647;
			files = (
			);
			runOnlyForDeploymentPostprocessing = 0;
		};
/* End PBXFrameworksBuildPhase section */

/* Begin PBXGroup section */
		CC7D25751BDDD07300232974 = {
			isa = PBXGroup;
			children = (
				CC7D25801BDDD07300232974 /* 02-StaticTableViewCell */,
				CC7D259A1BDDD07300232974 /* 02-StaticTableViewCellTests */,
				CC7D257F1BDDD07300232974 /* Products */,
			);
			sourceTree = "<group>";
		};
		CC7D257F1BDDD07300232974 /* Products */ = {
			isa = PBXGroup;
			children = (
				CC7D257E1BDDD07300232974 /* 02-StaticTableViewCell.app */,
				CC7D25971BDDD07300232974 /* 02-StaticTableViewCellTests.xctest */,
			);
			name = Products;
			sourceTree = "<group>";
		};
		CC7D25801BDDD07300232974 /* 02-StaticTableViewCell */ = {
			isa = PBXGroup;
			children = (
				CC7D25851BDDD07300232974 /* AppDelegate.h */,
				CC7D25861BDDD07300232974 /* AppDelegate.m */,
				CC7D25A71BDDD3C600232974 /* QYTableViewController.h */,
				CC7D25A81BDDD3C600232974 /* QYTableViewController.m */,
				CC7D25AA1BDDD53200232974 /* Main.storyboard */,
				CC7D258E1BDDD07300232974 /* Images.xcassets */,
				CC7D25901BDDD07300232974 /* LaunchScreen.xib */,
				CC7D25811BDDD07300232974 /* Supporting Files */,
			);
			path = "02-StaticTableViewCell";
			sourceTree = "<group>";
		};
		CC7D25811BDDD07300232974 /* Supporting Files */ = {
			isa = PBXGroup;
			children = (
				CC7D25821BDDD07300232974 /* Info.plist */,
				CC7D25831BDDD07300232974 /* main.m */,
			);
			name = "Supporting Files";
			sourceTree = "<group>";
		};
		CC7D259A1BDDD07300232974 /* 02-StaticTableViewCellTests */ = {
			isa = PBXGroup;
			children = (
				CC7D259D1BDDD07300232974 /* _2_StaticTableViewCellTests.m */,
				CC7D259B1BDDD07300232974 /* Supporting Files */,
			);
			path = "02-StaticTableViewCellTests";
			sourceTree = "<group>";
		};
		CC7D259B1BDDD07300232974 /* Supporting Files */ = {
			isa = PBXGroup;
			children = (
				CC7D259C1BDDD07300232974 /* Info.plist */,
			);
			name = "Supporting Files";
			sourceTree = "<group>";
		};
/* End PBXGroup section */

/* Begin PBXNativeTarget section */
		CC7D257D1BDDD07300232974 /* 02-StaticTableViewCell */ = {
			isa = PBXNativeTarget;
			buildConfigurationList = CC7D25A11BDDD07300232974 /* Build configuration list for PBXNativeTarget "02-StaticTableViewCell" */;
			buildPhases = (
				CC7D257A1BDDD07300232974 /* Sources */,
				CC7D257B1BDDD07300232974 /* Frameworks */,
				CC7D257C1BDDD07300232974 /* Resources */,
			);
			buildRules = (
			);
			dependencies = (
			);
			name = "02-StaticTableViewCell";
			productName = "02-StaticTableViewCell";
			productReference = CC7D257E1BDDD07300232974 /* 02-StaticTableViewCell.app */;
			productType = "com.apple.product-type.application";
		};
		CC7D25961BDDD07300232974 /* 02-StaticTableViewCellTests */ = {
			isa = PBXNativeTarget;
			buildConfigurationList = CC7D25A41BDDD07300232974 /* Build configuration list for PBXNativeTarget "02-StaticTableViewCellTests" */;
			buildPhases = (
				CC7D25931BDDD07300232974 /* Sources */,
				CC7D25941BDDD07300232974 /* Frameworks */,
				CC7D25951BDDD07300232974 /* Resources */,
			);
			buildRules = (
			);
			dependencies = (
				CC7D25991BDDD07300232974 /* PBXTargetDependency */,
			);
			name = "02-StaticTableViewCellTests";
			productName = "02-StaticTableViewCellTests";
			productReference = CC7D25971BDDD07300232974 /* 02-StaticTableViewCellTests.xctest */;
			productType = "com.apple.product-type.bundle.unit-test";
		};
/* End PBXNativeTarget section */

/* Begin PBXProject section */
		CC7D25761BDDD07300232974 /* Project object */ = {
			isa = PBXProject;
			attributes = {
				LastUpgradeCheck = 0630;
				ORGANIZATIONNAME = hnqingyun;
				TargetAttributes = {
					CC7D257D1BDDD07300232974 = {
						CreatedOnToolsVersion = 6.3;
					};
					CC7D25961BDDD07300232974 = {
						CreatedOnToolsVersion = 6.3;
						TestTargetID = CC7D257D1BDDD07300232974;
					};
				};
			};
			buildConfigurationList = CC7D25791BDDD07300232974 /* Build configuration list for PBXProject "02-StaticTableViewCell" */;
			compatibilityVersion = "Xcode 3.2";
			developmentRegion = English;
			hasScannedForEncodings = 0;
			knownRegions = (
				en,
				Base,
			);
			mainGroup = CC7D25751BDDD07300232974;
			productRefGroup = CC7D257F1BDDD07300232974 /* Products */;
			projectDirPath = "";
			projectRoot = "";
			targets = (
				CC7D257D1BDDD07300232974 /* 02-StaticTableViewCell */,
				CC7D25961BDDD07300232974 /* 02-StaticTableViewCellTests */,
			);
		};
/* End PBXProject section */

/* Begin PBXResourcesBuildPhase section */
		CC7D257C1BDDD07300232974 /* Resources */ = {
			isa = PBXResourcesBuildPhase;
			buildActionMask = 2147483647;
			files = (
				CC7D25AC1BDDD53200232974 /* Main.storyboard in Resources */,
				CC7D25921BDDD07300232974 /* LaunchScreen.xib in Resources */,
				CC7D258F1BDDD07300232974 /* Images.xcassets in Resources */,
			);
			runOnlyForDeploymentPostprocessing = 0;
		};
		CC7D25951BDDD07300232974 /* Resources */ = {
			isa = PBXResourcesBuildPhase;
			buildActionMask = 2147483647;
			files = (
			);
			runOnlyForDeploymentPostprocessing = 0;
		};
/* End PBXResourcesBuildPhase section */

/* Begin PBXSourcesBuildPhase section */
		CC7D257A1BDDD07300232974 /* Sources */ = {
			isa = PBXSourcesBuildPhase;
			buildActionMask = 2147483647;
			files = (
				CC7D25871BDDD07300232974 /* AppDelegate.m in Sources */,
				CC7D25841BDDD07300232974 /* main.m in Sources */,
				CC7D25A91BDDD3C600232974 /* QYTableViewController.m in Sources */,
			);
			runOnlyForDeploymentPostprocessing = 0;
		};
		CC7D25931BDDD07300232974 /* Sources */ = {
			isa = PBXSourcesBuildPhase;
			buildActionMask = 2147483647;
			files = (
				CC7D259E1BDDD07300232974 /* _2_StaticTableViewCellTests.m in Sources */,
			);
			runOnlyForDeploymentPostprocessing = 0;
		};
/* End PBXSourcesBuildPhase section */

/* Begin PBXTargetDependency section */
		CC7D25991BDDD07300232974 /* PBXTargetDependency */ = {
			isa = PBXTargetDependency;
			target = CC7D257D1BDDD07300232974 /* 02-StaticTableViewCell */;
			targetProxy = CC7D25981BDDD07300232974 /* PBXContainerItemProxy */;
		};
/* End PBXTargetDependency section */

/* Begin PBXVariantGroup section */
		CC7D25901BDDD07300232974 /* LaunchScreen.xib */ = {
			isa = PBXVariantGroup;
			children = (
				CC7D25911BDDD07300232974 /* Base */,
			);
			name = LaunchScreen.xib;
			sourceTree = "<group>";
		};
		CC7D25AA1BDDD53200232974 /* Main.storyboard */ = {
			isa = PBXVariantGroup;
			children = (
				CC7D25AB1BDDD53200232974 /* Base */,
			);
			name = Main.storyboard;
			sourceTree = "<group>";
		};
/* End PBXVariantGroup section */

/* Begin XCBuildConfiguration section */
		CC7D259F1BDDD07300232974 /* Debug */ = {
			isa = XCBuildConfiguration;
			buildSettings = {
				ALWAYS_SEARCH_USER_PATHS = NO;
				CLANG_CXX_LANGUAGE_STANDARD = "gnu++0x";
				CLANG_CXX_LIBRARY = "libc++";
				CLANG_ENABLE_MODULES = YES;
				CLANG_ENABLE_OBJC_ARC = YES;
				CLANG_WARN_BOOL_CONVERSION = YES;
				CLANG_WARN_CONSTANT_CONVERSION = YES;
				CLANG_WARN_DIRECT_OBJC_ISA_USAGE = YES_ERROR;
				CLANG_WARN_EMPTY_BODY = YES;
				CLANG_WARN_ENUM_CONVERSION = YES;
				CLANG_WARN_INT_CONVERSION = YES;
				CLANG_WARN_OBJC_ROOT_CLASS = YES_ERROR;
				CLANG_WARN_UNREACHABLE_CODE = YES;
				CLANG_WARN__DUPLICATE_METHOD_MATCH = YES;
				"CODE_SIGN_IDENTITY[sdk=iphoneos*]" = "iPhone Developer";
				COPY_PHASE_STRIP = NO;
				DEBUG_INFORMATION_FORMAT = "dwarf-with-dsym";
				ENABLE_STRICT_OBJC_MSGSEND = YES;
				GCC_C_LANGUAGE_STANDARD = gnu99;
				GCC_DYNAMIC_NO_PIC = NO;
				GCC_NO_COMMON_BLOCKS = YES;
				GCC_OPTIMIZATION_LEVEL = 0;
				GCC_PREPROCESSOR_DEFINITIONS = (
					"DEBUG=1",
					"$(inherited)",
				);
				GCC_SYMBOLS_PRIVATE_EXTERN = NO;
				GCC_WARN_64_TO_32_BIT_CONVERSION = YES;
				GCC_WARN_ABOUT_RETURN_TYPE = YES_ERROR;
				GCC_WARN_UNDECLARED_SELECTOR = YES;
				GCC_WARN_UNINITIALIZED_AUTOS = YES_AGGRESSIVE;
				GCC_WARN_UNUSED_FUNCTION = YES;
				GCC_WARN_UNUSED_VARIABLE = YES;
				IPHONEOS_DEPLOYMENT_TARGET = 8.3;
				MTL_ENABLE_DEBUG_INFO = YES;
				ONLY_ACTIVE_ARCH = YES;
				SDKROOT = iphoneos;
			};
			name = Debug;
		};
		CC7D25A01BDDD07300232974 /* Release */ = {
			isa = XCBuildConfiguration;
			buildSettings = {
				ALWAYS_SEARCH_USER_PATHS = NO;
				CLANG_CXX_LANGUAGE_STANDARD = "gnu++0x";
				CLANG_CXX_LIBRARY = "libc++";
				CLANG_ENABLE_MODULES = YES;
				CLANG_ENABLE_OBJC_ARC = YES;
				CLANG_WARN_BOOL_CONVERSION = YES;
				CLANG_WARN_CONSTANT_CONVERSION = YES;
				CLANG_WARN_DIRECT_OBJC_ISA_USAGE = YES_ERROR;
				CLANG_WARN_EMPTY_BODY = YES;
				CLANG_WARN_ENUM_CONVERSION = YES;
				CLANG_WARN_INT_CONVERSION = YES;
				CLANG_WARN_OBJC_ROOT_CLASS = YES_ERROR;
				CLANG_WARN_UNREACHABLE_CODE = YES;
				CLANG_WARN__DUPLICATE_METHOD_MATCH = YES;
				"CODE_SIGN_IDENTITY[sdk=iphoneos*]" = "iPhone Developer";
				COPY_PHASE_STRIP = NO;
				DEBUG_INFORMATION_FORMAT = "dwarf-with-dsym";
				ENABLE_NS_ASSERTIONS = NO;
				ENABLE_STRICT_OBJC_MSGSEND = YES;
				GCC_C_LANGUAGE_STANDARD = gnu99;
				GCC_NO_COMMON_BLOCKS = YES;
				GCC_WARN_64_TO_32_BIT_CONVERSION = YES;
				GCC_WARN_ABOUT_RETURN_TYPE = YES_ERROR;
				GCC_WARN_UNDECLARED_SELECTOR = YES;
				GCC_WARN_UNINITIALIZED_AUTOS = YES_AGGRESSIVE;
				GCC_WARN_UNUSED_FUNCTION = YES;
				GCC_WARN_UNUSED_VARIABLE = YES;
				IPHONEOS_DEPLOYMENT_TARGET = 8.3;
				MTL_ENABLE_DEBUG_INFO = NO;
				SDKROOT = iphoneos;
				VALIDATE_PRODUCT = YES;
			};
			name = Release;
		};
		CC7D25A21BDDD07300232974 /* Debug */ = {
			isa = XCBuildConfiguration;
			buildSettings = {
				ASSETCATALOG_COMPILER_APPICON_NAME = AppIcon;
				INFOPLIST_FILE = "02-StaticTableViewCell/Info.plist";
				LD_RUNPATH_SEARCH_PATHS = "$(inherited) @executable_path/Frameworks";
				PRODUCT_NAME = "$(TARGET_NAME)";
			};
			name = Debug;
		};
		CC7D25A31BDDD07300232974 /* Release */ = {
			isa = XCBuildConfiguration;
			buildSettings = {
				ASSETCATALOG_COMPILER_APPICON_NAME = AppIcon;
				INFOPLIST_FILE = "02-StaticTableViewCell/Info.plist";
				LD_RUNPATH_SEARCH_PATHS = "$(inherited) @executable_path/Frameworks";
				PRODUCT_NAME = "$(TARGET_NAME)";
			};
			name = Release;
		};
		CC7D25A51BDDD07300232974 /* Debug */ = {
			isa = XCBuildConfiguration;
			buildSettings = {
				BUNDLE_LOADER = "$(TEST_HOST)";
				FRAMEWORK_SEARCH_PATHS = (
					"$(SDKROOT)/Developer/Library/Frameworks",
					"$(inherited)",
				);
				GCC_PREPROCESSOR_DEFINITIONS = (
					"DEBUG=1",
					"$(inherited)",
				);
				INFOPLIST_FILE = "02-StaticTableViewCellTests/Info.plist";
				LD_RUNPATH_SEARCH_PATHS = "$(inherited) @executable_path/Frameworks @loader_path/Frameworks";
				PRODUCT_NAME = "$(TARGET_NAME)";
				TEST_HOST = "$(BUILT_PRODUCTS_DIR)/02-StaticTableViewCell.app/02-StaticTableViewCell";
			};
			name = Debug;
		};
		CC7D25A61BDDD07300232974 /* Release */ = {
			isa = XCBuildConfiguration;
			buildSettings = {
				BUNDLE_LOADER = "$(TEST_HOST)";
				FRAMEWORK_SEARCH_PATHS = (
					"$(SDKROOT)/Developer/Library/Frameworks",
					"$(inherited)",
				);
				INFOPLIST_FILE = "02-StaticTableViewCellTests/Info.plist";
				LD_RUNPATH_SEARCH_PATHS = "$(inherited) @executable_path/Frameworks @loader_path/Frameworks";
				PRODUCT_NAME = "$(TARGET_NAME)";
				TEST_HOST = "$(BUILT_PRODUCTS_DIR)/02-StaticTableViewCell.app/02-StaticTableViewCell";
			};
			name = Release;
		};
/* End XCBuildConfiguration section */

/* Begin XCConfigurationList section */
		CC7D25791BDDD07300232974 /* Build configuration list for PBXProject "02-StaticTableViewCell" */ = {
			isa = XCConfigurationList;
			buildConfigurations = (
				CC7D259F1BDDD07300232974 /* Debug */,
				CC7D25A01BDDD07300232974 /* Release */,
			);
			defaultConfigurationIsVisible = 0;
			defaultConfigurationName = Release;
		};
		CC7D25A11BDDD07300232974 /* Build configuration list for PBXNativeTarget "02-StaticTableViewCell" */ = {
			isa = XCConfigurationList;
			buildConfigurations = (
				CC7D25A21BDDD07300232974 /* Debug */,
				CC7D25A31BDDD07300232974 /* Release */,
			);
			defaultConfigurationIsVisible = 0;
		};
		CC7D25A41BDDD07300232974 /* Build configuration list for PBXNativeTarget "02-StaticTableViewCellTests" */ = {
			isa = XCConfigurationList;
			buildConfigurations = (
				CC7D25A51BDDD07300232974 /* Debug */,
				CC7D25A61BDDD07300232974 /* Release */,
			);
			defaultConfigurationIsVisible = 0;
		};
/* End XCConfigurationList section */
	};
	rootObject = CC7D25761BDDD07300232974 /* Project object */;
}
