// !$*UTF8*$!
{
	archiveVersion = 1;
	classes = {
	};
	objectVersion = 46;
	objects = {

/* Begin PBXBuildFile section */
		CC5F2C731BD9C6AD0012139D /* main.m in Sources */ = {isa = PBXBuildFile; fileRef = CC5F2C721BD9C6AD0012139D /* main.m */; };
		CC5F2C761BD9C6AD0012139D /* AppDelegate.m in Sources */ = {isa = PBXBuildFile; fileRef = CC5F2C751BD9C6AD0012139D /* AppDelegate.m */; };
		CC5F2C791BD9C6AD0012139D /* ViewController.m in Sources */ = {isa = PBXBuildFile; fileRef = CC5F2C781BD9C6AD0012139D /* ViewController.m */; };
		CC5F2C7C1BD9C6AD0012139D /* Main.storyboard in Resources */ = {isa = PBXBuildFile; fileRef = CC5F2C7A1BD9C6AD0012139D /* Main.storyboard */; };
		CC5F2C7E1BD9C6AD0012139D /* Images.xcassets in Resources */ = {isa = PBXBuildFile; fileRef = CC5F2C7D1BD9C6AD0012139D /* Images.xcassets */; };
		CC5F2C811BD9C6AD0012139D /* LaunchScreen.xib in Resources */ = {isa = PBXBuildFile; fileRef = CC5F2C7F1BD9C6AD0012139D /* LaunchScreen.xib */; };
		CC5F2C8D1BD9C6AD0012139D /* _1___Tests.m in Sources */ = {isa = PBXBuildFile; fileRef = CC5F2C8C1BD9C6AD0012139D /* _1___Tests.m */; };
		CC5F2C9A1BD9CA5C0012139D /* new_feature_1@2x.png in Resources */ = {isa = PBXBuildFile; fileRef = CC5F2C971BD9CA5C0012139D /* new_feature_1@2x.png */; };
		CC5F2C9B1BD9CA5C0012139D /* new_feature_2@2x.png in Resources */ = {isa = PBXBuildFile; fileRef = CC5F2C981BD9CA5C0012139D /* new_feature_2@2x.png */; };
		CC5F2C9C1BD9CA5C0012139D /* new_feature_3@2x.png in Resources */ = {isa = PBXBuildFile; fileRef = CC5F2C991BD9CA5C0012139D /* new_feature_3@2x.png */; };
		CC5F2C9F1BD9CAFE0012139D /* QYScrollView.m in Sources */ = {isa = PBXBuildFile; fileRef = CC5F2C9E1BD9CAFE0012139D /* QYScrollView.m */; };
/* End PBXBuildFile section */

/* Begin PBXContainerItemProxy section */
		CC5F2C871BD9C6AD0012139D /* PBXContainerItemProxy */ = {
			isa = PBXContainerItemProxy;
			containerPortal = CC5F2C651BD9C6AD0012139D /* Project object */;
			proxyType = 1;
			remoteGlobalIDString = CC5F2C6C1BD9C6AD0012139D;
			remoteInfo = "01-相册";
		};
/* End PBXContainerItemProxy section */

/* Begin PBXFileReference section */
		CC5F2C6D1BD9C6AD0012139D /* 01-相册.app */ = {isa = PBXFileReference; explicitFileType = wrapper.application; includeInIndex = 0; path = "01-相册.app"; sourceTree = BUILT_PRODUCTS_DIR; };
		CC5F2C711BD9C6AD0012139D /* Info.plist */ = {isa = PBXFileReference; lastKnownFileType = text.plist.xml; path = Info.plist; sourceTree = "<group>"; };
		CC5F2C721BD9C6AD0012139D /* main.m */ = {isa = PBXFileReference; lastKnownFileType = sourcecode.c.objc; path = main.m; sourceTree = "<group>"; };
		CC5F2C741BD9C6AD0012139D /* AppDelegate.h */ = {isa = PBXFileReference; lastKnownFileType = sourcecode.c.h; path = AppDelegate.h; sourceTree = "<group>"; };
		CC5F2C751BD9C6AD0012139D /* AppDelegate.m */ = {isa = PBXFileReference; lastKnownFileType = sourcecode.c.objc; path = AppDelegate.m; sourceTree = "<group>"; };
		CC5F2C771BD9C6AD0012139D /* ViewController.h */ = {isa = PBXFileReference; lastKnownFileType = sourcecode.c.h; path = ViewController.h; sourceTree = "<group>"; };
		CC5F2C781BD9C6AD0012139D /* ViewController.m */ = {isa = PBXFileReference; lastKnownFileType = sourcecode.c.objc; path = ViewController.m; sourceTree = "<group>"; };
		CC5F2C7B1BD9C6AD0012139D /* Base */ = {isa = PBXFileReference; lastKnownFileType = file.storyboard; name = Base; path = Base.lproj/Main.storyboard; sourceTree = "<group>"; };
		CC5F2C7D1BD9C6AD0012139D /* Images.xcassets */ = {isa = PBXFileReference; lastKnownFileType = folder.assetcatalog; path = Images.xcassets; sourceTree = "<group>"; };
		CC5F2C801BD9C6AD0012139D /* Base */ = {isa = PBXFileReference; lastKnownFileType = file.xib; name = Base; path = Base.lproj/LaunchScreen.xib; sourceTree = "<group>"; };
		CC5F2C861BD9C6AD0012139D /* 01-相册Tests.xctest */ = {isa = PBXFileReference; explicitFileType = wrapper.cfbundle; includeInIndex = 0; path = "01-相册Tests.xctest"; sourceTree = BUILT_PRODUCTS_DIR; };
		CC5F2C8B1BD9C6AD0012139D /* Info.plist */ = {isa = PBXFileReference; lastKnownFileType = text.plist.xml; path = Info.plist; sourceTree = "<group>"; };
		CC5F2C8C1BD9C6AD0012139D /* _1___Tests.m */ = {isa = PBXFileReference; lastKnownFileType = sourcecode.c.objc; path = "_1___Tests.m"; sourceTree = "<group>"; };
		CC5F2C971BD9CA5C0012139D /* new_feature_1@2x.png */ = {isa = PBXFileReference; lastKnownFileType = image.png; path = "new_feature_1@2x.png"; sourceTree = "<group>"; };
		CC5F2C981BD9CA5C0012139D /* new_feature_2@2x.png */ = {isa = PBXFileReference; lastKnownFileType = image.png; path = "new_feature_2@2x.png"; sourceTree = "<group>"; };
		CC5F2C991BD9CA5C0012139D /* new_feature_3@2x.png */ = {isa = PBXFileReference; lastKnownFileType = image.png; path = "new_feature_3@2x.png"; sourceTree = "<group>"; };
		CC5F2C9D1BD9CAFE0012139D /* QYScrollView.h */ = {isa = PBXFileReference; fileEncoding = 4; lastKnownFileType = sourcecode.c.h; path = QYScrollView.h; sourceTree = "<group>"; };
		CC5F2C9E1BD9CAFE0012139D /* QYScrollView.m */ = {isa = PBXFileReference; fileEncoding = 4; lastKnownFileType = sourcecode.c.objc; path = QYScrollView.m; sourceTree = "<group>"; };
/* End PBXFileReference section */

/* Begin PBXFrameworksBuildPhase section */
		CC5F2C6A1BD9C6AD0012139D /* Frameworks */ = {
			isa = PBXFrameworksBuildPhase;
			buildActionMask = 2147483647;
			files = (
			);
			runOnlyForDeploymentPostprocessing = 0;
		};
		CC5F2C831BD9C6AD0012139D /* Frameworks */ = {
			isa = PBXFrameworksBuildPhase;
			buildActionMask = 2147483647;
			files = (
			);
			runOnlyForDeploymentPostprocessing = 0;
		};
/* End PBXFrameworksBuildPhase section */

/* Begin PBXGroup section */
		CC5F2C641BD9C6AD0012139D = {
			isa = PBXGroup;
			children = (
				CC5F2C6F1BD9C6AD0012139D /* 01-相册 */,
				CC5F2C891BD9C6AD0012139D /* 01-相册Tests */,
				CC5F2C6E1BD9C6AD0012139D /* Products */,
			);
			sourceTree = "<group>";
		};
		CC5F2C6E1BD9C6AD0012139D /* Products */ = {
			isa = PBXGroup;
			children = (
				CC5F2C6D1BD9C6AD0012139D /* 01-相册.app */,
				CC5F2C861BD9C6AD0012139D /* 01-相册Tests.xctest */,
			);
			name = Products;
			sourceTree = "<group>";
		};
		CC5F2C6F1BD9C6AD0012139D /* 01-相册 */ = {
			isa = PBXGroup;
			children = (
				CC5F2C741BD9C6AD0012139D /* AppDelegate.h */,
				CC5F2C751BD9C6AD0012139D /* AppDelegate.m */,
				CC5F2C771BD9C6AD0012139D /* ViewController.h */,
				CC5F2C781BD9C6AD0012139D /* ViewController.m */,
				CC5F2C9D1BD9CAFE0012139D /* QYScrollView.h */,
				CC5F2C9E1BD9CAFE0012139D /* QYScrollView.m */,
				CC5F2C7A1BD9C6AD0012139D /* Main.storyboard */,
				CC5F2C7D1BD9C6AD0012139D /* Images.xcassets */,
				CC5F2C7F1BD9C6AD0012139D /* LaunchScreen.xib */,
				CC5F2C701BD9C6AD0012139D /* Supporting Files */,
			);
			path = "01-相册";
			sourceTree = "<group>";
		};
		CC5F2C701BD9C6AD0012139D /* Supporting Files */ = {
			isa = PBXGroup;
			children = (
				CC5F2C961BD9CA5C0012139D /* scrollView */,
				CC5F2C711BD9C6AD0012139D /* Info.plist */,
				CC5F2C721BD9C6AD0012139D /* main.m */,
			);
			name = "Supporting Files";
			sourceTree = "<group>";
		};
		CC5F2C891BD9C6AD0012139D /* 01-相册Tests */ = {
			isa = PBXGroup;
			children = (
				CC5F2C8C1BD9C6AD0012139D /* _1___Tests.m */,
				CC5F2C8A1BD9C6AD0012139D /* Supporting Files */,
			);
			path = "01-相册Tests";
			sourceTree = "<group>";
		};
		CC5F2C8A1BD9C6AD0012139D /* Supporting Files */ = {
			isa = PBXGroup;
			children = (
				CC5F2C8B1BD9C6AD0012139D /* Info.plist */,
			);
			name = "Supporting Files";
			sourceTree = "<group>";
		};
		CC5F2C961BD9CA5C0012139D /* scrollView */ = {
			isa = PBXGroup;
			children = (
				CC5F2C971BD9CA5C0012139D /* new_feature_1@2x.png */,
				CC5F2C981BD9CA5C0012139D /* new_feature_2@2x.png */,
				CC5F2C991BD9CA5C0012139D /* new_feature_3@2x.png */,
			);
			path = scrollView;
			sourceTree = "<group>";
		};
/* End PBXGroup section */

/* Begin PBXNativeTarget section */
		CC5F2C6C1BD9C6AD0012139D /* 01-相册 */ = {
			isa = PBXNativeTarget;
			buildConfigurationList = CC5F2C901BD9C6AD0012139D /* Build configuration list for PBXNativeTarget "01-相册" */;
			buildPhases = (
				CC5F2C691BD9C6AD0012139D /* Sources */,
				CC5F2C6A1BD9C6AD0012139D /* Frameworks */,
				CC5F2C6B1BD9C6AD0012139D /* Resources */,
			);
			buildRules = (
			);
			dependencies = (
			);
			name = "01-相册";
			productName = "01-相册";
			productReference = CC5F2C6D1BD9C6AD0012139D /* 01-相册.app */;
			productType = "com.apple.product-type.application";
		};
		CC5F2C851BD9C6AD0012139D /* 01-相册Tests */ = {
			isa = PBXNativeTarget;
			buildConfigurationList = CC5F2C931BD9C6AD0012139D /* Build configuration list for PBXNativeTarget "01-相册Tests" */;
			buildPhases = (
				CC5F2C821BD9C6AD0012139D /* Sources */,
				CC5F2C831BD9C6AD0012139D /* Frameworks */,
				CC5F2C841BD9C6AD0012139D /* Resources */,
			);
			buildRules = (
			);
			dependencies = (
				CC5F2C881BD9C6AD0012139D /* PBXTargetDependency */,
			);
			name = "01-相册Tests";
			productName = "01-相册Tests";
			productReference = CC5F2C861BD9C6AD0012139D /* 01-相册Tests.xctest */;
			productType = "com.apple.product-type.bundle.unit-test";
		};
/* End PBXNativeTarget section */

/* Begin PBXProject section */
		CC5F2C651BD9C6AD0012139D /* Project object */ = {
			isa = PBXProject;
			attributes = {
				LastUpgradeCheck = 0630;
				ORGANIZATIONNAME = hnqingyun;
				TargetAttributes = {
					CC5F2C6C1BD9C6AD0012139D = {
						CreatedOnToolsVersion = 6.3;
					};
					CC5F2C851BD9C6AD0012139D = {
						CreatedOnToolsVersion = 6.3;
						TestTargetID = CC5F2C6C1BD9C6AD0012139D;
					};
				};
			};
			buildConfigurationList = CC5F2C681BD9C6AD0012139D /* Build configuration list for PBXProject "01-相册" */;
			compatibilityVersion = "Xcode 3.2";
			developmentRegion = English;
			hasScannedForEncodings = 0;
			knownRegions = (
				en,
				Base,
			);
			mainGroup = CC5F2C641BD9C6AD0012139D;
			productRefGroup = CC5F2C6E1BD9C6AD0012139D /* Products */;
			projectDirPath = "";
			projectRoot = "";
			targets = (
				CC5F2C6C1BD9C6AD0012139D /* 01-相册 */,
				CC5F2C851BD9C6AD0012139D /* 01-相册Tests */,
			);
		};
/* End PBXProject section */

/* Begin PBXResourcesBuildPhase section */
		CC5F2C6B1BD9C6AD0012139D /* Resources */ = {
			isa = PBXResourcesBuildPhase;
			buildActionMask = 2147483647;
			files = (
				CC5F2C7C1BD9C6AD0012139D /* Main.storyboard in Resources */,
				CC5F2C811BD9C6AD0012139D /* LaunchScreen.xib in Resources */,
				CC5F2C9B1BD9CA5C0012139D /* new_feature_2@2x.png in Resources */,
				CC5F2C9A1BD9CA5C0012139D /* new_feature_1@2x.png in Resources */,
				CC5F2C9C1BD9CA5C0012139D /* new_feature_3@2x.png in Resources */,
				CC5F2C7E1BD9C6AD0012139D /* Images.xcassets in Resources */,
			);
			runOnlyForDeploymentPostprocessing = 0;
		};
		CC5F2C841BD9C6AD0012139D /* Resources */ = {
			isa = PBXResourcesBuildPhase;
			buildActionMask = 2147483647;
			files = (
			);
			runOnlyForDeploymentPostprocessing = 0;
		};
/* End PBXResourcesBuildPhase section */

/* Begin PBXSourcesBuildPhase section */
		CC5F2C691BD9C6AD0012139D /* Sources */ = {
			isa = PBXSourcesBuildPhase;
			buildActionMask = 2147483647;
			files = (
				CC5F2C791BD9C6AD0012139D /* ViewController.m in Sources */,
				CC5F2C9F1BD9CAFE0012139D /* QYScrollView.m in Sources */,
				CC5F2C761BD9C6AD0012139D /* AppDelegate.m in Sources */,
				CC5F2C731BD9C6AD0012139D /* main.m in Sources */,
			);
			runOnlyForDeploymentPostprocessing = 0;
		};
		CC5F2C821BD9C6AD0012139D /* Sources */ = {
			isa = PBXSourcesBuildPhase;
			buildActionMask = 2147483647;
			files = (
				CC5F2C8D1BD9C6AD0012139D /* _1___Tests.m in Sources */,
			);
			runOnlyForDeploymentPostprocessing = 0;
		};
/* End PBXSourcesBuildPhase section */

/* Begin PBXTargetDependency section */
		CC5F2C881BD9C6AD0012139D /* PBXTargetDependency */ = {
			isa = PBXTargetDependency;
			target = CC5F2C6C1BD9C6AD0012139D /* 01-相册 */;
			targetProxy = CC5F2C871BD9C6AD0012139D /* PBXContainerItemProxy */;
		};
/* End PBXTargetDependency section */

/* Begin PBXVariantGroup section */
		CC5F2C7A1BD9C6AD0012139D /* Main.storyboard */ = {
			isa = PBXVariantGroup;
			children = (
				CC5F2C7B1BD9C6AD0012139D /* Base */,
			);
			name = Main.storyboard;
			sourceTree = "<group>";
		};
		CC5F2C7F1BD9C6AD0012139D /* LaunchScreen.xib */ = {
			isa = PBXVariantGroup;
			children = (
				CC5F2C801BD9C6AD0012139D /* Base */,
			);
			name = LaunchScreen.xib;
			sourceTree = "<group>";
		};
/* End PBXVariantGroup section */

/* Begin XCBuildConfiguration section */
		CC5F2C8E1BD9C6AD0012139D /* Debug */ = {
			isa = XCBuildConfiguration;
			buildSettings = {
				ALWAYS_SEARCH_USER_PATHS = NO;
				CLANG_CXX_LANGUAGE_STANDARD = "gnu++0x";
				CLANG_CXX_LIBRARY = "libc++";
				CLANG_ENABLE_MODULES = YES;
				CLANG_ENABLE_OBJC_ARC = YES;
				CLANG_WARN_BOOL_CONVERSION = YES;
				CLANG_WARN_CONSTANT_CONVERSION = YES;
				CLANG_WARN_DIRECT_OBJC_ISA_USAGE = YES_ERROR;
				CLANG_WARN_EMPTY_BODY = YES;
				CLANG_WARN_ENUM_CONVERSION = YES;
				CLANG_WARN_INT_CONVERSION = YES;
				CLANG_WARN_OBJC_ROOT_CLASS = YES_ERROR;
				CLANG_WARN_UNREACHABLE_CODE = YES;
				CLANG_WARN__DUPLICATE_METHOD_MATCH = YES;
				"CODE_SIGN_IDENTITY[sdk=iphoneos*]" = "iPhone Developer";
				COPY_PHASE_STRIP = NO;
				DEBUG_INFORMATION_FORMAT = "dwarf-with-dsym";
				ENABLE_STRICT_OBJC_MSGSEND = YES;
				GCC_C_LANGUAGE_STANDARD = gnu99;
				GCC_DYNAMIC_NO_PIC = NO;
				GCC_NO_COMMON_BLOCKS = YES;
				GCC_OPTIMIZATION_LEVEL = 0;
				GCC_PREPROCESSOR_DEFINITIONS = (
					"DEBUG=1",
					"$(inherited)",
				);
				GCC_SYMBOLS_PRIVATE_EXTERN = NO;
				GCC_WARN_64_TO_32_BIT_CONVERSION = YES;
				GCC_WARN_ABOUT_RETURN_TYPE = YES_ERROR;
				GCC_WARN_UNDECLARED_SELECTOR = YES;
				GCC_WARN_UNINITIALIZED_AUTOS = YES_AGGRESSIVE;
				GCC_WARN_UNUSED_FUNCTION = YES;
				GCC_WARN_UNUSED_VARIABLE = YES;
				IPHONEOS_DEPLOYMENT_TARGET = 8.3;
				MTL_ENABLE_DEBUG_INFO = YES;
				ONLY_ACTIVE_ARCH = YES;
				SDKROOT = iphoneos;
			};
			name = Debug;
		};
		CC5F2C8F1BD9C6AD0012139D /* Release */ = {
			isa = XCBuildConfiguration;
			buildSettings = {
				ALWAYS_SEARCH_USER_PATHS = NO;
				CLANG_CXX_LANGUAGE_STANDARD = "gnu++0x";
				CLANG_CXX_LIBRARY = "libc++";
				CLANG_ENABLE_MODULES = YES;
				CLANG_ENABLE_OBJC_ARC = YES;
				CLANG_WARN_BOOL_CONVERSION = YES;
				CLANG_WARN_CONSTANT_CONVERSION = YES;
				CLANG_WARN_DIRECT_OBJC_ISA_USAGE = YES_ERROR;
				CLANG_WARN_EMPTY_BODY = YES;
				CLANG_WARN_ENUM_CONVERSION = YES;
				CLANG_WARN_INT_CONVERSION = YES;
				CLANG_WARN_OBJC_ROOT_CLASS = YES_ERROR;
				CLANG_WARN_UNREACHABLE_CODE = YES;
				CLANG_WARN__DUPLICATE_METHOD_MATCH = YES;
				"CODE_SIGN_IDENTITY[sdk=iphoneos*]" = "iPhone Developer";
				COPY_PHASE_STRIP = NO;
				DEBUG_INFORMATION_FORMAT = "dwarf-with-dsym";
				ENABLE_NS_ASSERTIONS = NO;
				ENABLE_STRICT_OBJC_MSGSEND = YES;
				GCC_C_LANGUAGE_STANDARD = gnu99;
				GCC_NO_COMMON_BLOCKS = YES;
				GCC_WARN_64_TO_32_BIT_CONVERSION = YES;
				GCC_WARN_ABOUT_RETURN_TYPE = YES_ERROR;
				GCC_WARN_UNDECLARED_SELECTOR = YES;
				GCC_WARN_UNINITIALIZED_AUTOS = YES_AGGRESSIVE;
				GCC_WARN_UNUSED_FUNCTION = YES;
				GCC_WARN_UNUSED_VARIABLE = YES;
				IPHONEOS_DEPLOYMENT_TARGET = 8.3;
				MTL_ENABLE_DEBUG_INFO = NO;
				SDKROOT = iphoneos;
				VALIDATE_PRODUCT = YES;
			};
			name = Release;
		};
		CC5F2C911BD9C6AD0012139D /* Debug */ = {
			isa = XCBuildConfiguration;
			buildSettings = {
				ASSETCATALOG_COMPILER_APPICON_NAME = AppIcon;
				INFOPLIST_FILE = "01-相册/Info.plist";
				LD_RUNPATH_SEARCH_PATHS = "$(inherited) @executable_path/Frameworks";
				PRODUCT_NAME = "$(TARGET_NAME)";
			};
			name = Debug;
		};
		CC5F2C921BD9C6AD0012139D /* Release */ = {
			isa = XCBuildConfiguration;
			buildSettings = {
				ASSETCATALOG_COMPILER_APPICON_NAME = AppIcon;
				INFOPLIST_FILE = "01-相册/Info.plist";
				LD_RUNPATH_SEARCH_PATHS = "$(inherited) @executable_path/Frameworks";
				PRODUCT_NAME = "$(TARGET_NAME)";
			};
			name = Release;
		};
		CC5F2C941BD9C6AD0012139D /* Debug */ = {
			isa = XCBuildConfiguration;
			buildSettings = {
				BUNDLE_LOADER = "$(TEST_HOST)";
				FRAMEWORK_SEARCH_PATHS = (
					"$(SDKROOT)/Developer/Library/Frameworks",
					"$(inherited)",
				);
				GCC_PREPROCESSOR_DEFINITIONS = (
					"DEBUG=1",
					"$(inherited)",
				);
				INFOPLIST_FILE = "01-相册Tests/Info.plist";
				LD_RUNPATH_SEARCH_PATHS = "$(inherited) @executable_path/Frameworks @loader_path/Frameworks";
				PRODUCT_NAME = "$(TARGET_NAME)";
				TEST_HOST = "$(BUILT_PRODUCTS_DIR)/01-相册.app/01-相册";
			};
			name = Debug;
		};
		CC5F2C951BD9C6AD0012139D /* Release */ = {
			isa = XCBuildConfiguration;
			buildSettings = {
				BUNDLE_LOADER = "$(TEST_HOST)";
				FRAMEWORK_SEARCH_PATHS = (
					"$(SDKROOT)/Developer/Library/Frameworks",
					"$(inherited)",
				);
				INFOPLIST_FILE = "01-相册Tests/Info.plist";
				LD_RUNPATH_SEARCH_PATHS = "$(inherited) @executable_path/Frameworks @loader_path/Frameworks";
				PRODUCT_NAME = "$(TARGET_NAME)";
				TEST_HOST = "$(BUILT_PRODUCTS_DIR)/01-相册.app/01-相册";
			};
			name = Release;
		};
/* End XCBuildConfiguration section */

/* Begin XCConfigurationList section */
		CC5F2C681BD9C6AD0012139D /* Build configuration list for PBXProject "01-相册" */ = {
			isa = XCConfigurationList;
			buildConfigurations = (
				CC5F2C8E1BD9C6AD0012139D /* Debug */,
				CC5F2C8F1BD9C6AD0012139D /* Release */,
			);
			defaultConfigurationIsVisible = 0;
			defaultConfigurationName = Release;
		};
		CC5F2C901BD9C6AD0012139D /* Build configuration list for PBXNativeTarget "01-相册" */ = {
			isa = XCConfigurationList;
			buildConfigurations = (
				CC5F2C911BD9C6AD0012139D /* Debug */,
				CC5F2C921BD9C6AD0012139D /* Release */,
			);
			defaultConfigurationIsVisible = 0;
		};
		CC5F2C931BD9C6AD0012139D /* Build configuration list for PBXNativeTarget "01-相册Tests" */ = {
			isa = XCConfigurationList;
			buildConfigurations = (
				CC5F2C941BD9C6AD0012139D /* Debug */,
				CC5F2C951BD9C6AD0012139D /* Release */,
			);
			defaultConfigurationIsVisible = 0;
		};
/* End XCConfigurationList section */
	};
	rootObject = CC5F2C651BD9C6AD0012139D /* Project object */;
}
