// !$*UTF8*$!
{
	archiveVersion = 1;
	classes = {
	};
	objectVersion = 46;
	objects = {

/* Begin PBXBuildFile section */
		CC49DD491BE70F9400EE2041 /* apple.png in Resources */ = {isa = PBXBuildFile; fileRef = CC49DD391BE70F9400EE2041 /* apple.png */; };
		CC49DD4A1BE70F9400EE2041 /* bar.png in Resources */ = {isa = PBXBuildFile; fileRef = CC49DD3A1BE70F9400EE2041 /* bar.png */; };
		CC49DD4B1BE70F9400EE2041 /* cherry.png in Resources */ = {isa = PBXBuildFile; fileRef = CC49DD3B1BE70F9400EE2041 /* cherry.png */; };
		CC49DD4C1BE70F9400EE2041 /* crown.png in Resources */ = {isa = PBXBuildFile; fileRef = CC49DD3C1BE70F9400EE2041 /* crown.png */; };
		CC49DD4D1BE70F9400EE2041 /* lemon.png in Resources */ = {isa = PBXBuildFile; fileRef = CC49DD3D1BE70F9400EE2041 /* lemon.png */; };
		CC49DD4E1BE70F9400EE2041 /* seven.png in Resources */ = {isa = PBXBuildFile; fileRef = CC49DD3E1BE70F9400EE2041 /* seven.png */; };
		CC49DD4F1BE70F9400EE2041 /* crunch.wav in Resources */ = {isa = PBXBuildFile; fileRef = CC49DD401BE70F9400EE2041 /* crunch.wav */; };
		CC49DD501BE70F9400EE2041 /* win.wav in Resources */ = {isa = PBXBuildFile; fileRef = CC49DD411BE70F9400EE2041 /* win.wav */; };
		CC49DD511BE70F9400EE2041 /* statedictionary.plist in Resources */ = {isa = PBXBuildFile; fileRef = CC49DD421BE70F9400EE2041 /* statedictionary.plist */; };
		CC49DD521BE70F9400EE2041 /* clockicon.png in Resources */ = {isa = PBXBuildFile; fileRef = CC49DD441BE70F9400EE2041 /* clockicon.png */; };
		CC49DD531BE70F9400EE2041 /* dependenticon.png in Resources */ = {isa = PBXBuildFile; fileRef = CC49DD451BE70F9400EE2041 /* dependenticon.png */; };
		CC49DD541BE70F9400EE2041 /* doubleicon.png in Resources */ = {isa = PBXBuildFile; fileRef = CC49DD461BE70F9400EE2041 /* doubleicon.png */; };
		CC49DD551BE70F9400EE2041 /* singleicon.png in Resources */ = {isa = PBXBuildFile; fileRef = CC49DD471BE70F9400EE2041 /* singleicon.png */; };
		CC49DD561BE70F9400EE2041 /* toolicon.png in Resources */ = {isa = PBXBuildFile; fileRef = CC49DD481BE70F9400EE2041 /* toolicon.png */; };
		CC49DD591BE7102900EE2041 /* QYSecondViewController.m in Sources */ = {isa = PBXBuildFile; fileRef = CC49DD581BE7102900EE2041 /* QYSecondViewController.m */; };
		CCB9EF3C1BE6FFCF00E733E5 /* main.m in Sources */ = {isa = PBXBuildFile; fileRef = CCB9EF3B1BE6FFCF00E733E5 /* main.m */; };
		CCB9EF3F1BE6FFCF00E733E5 /* AppDelegate.m in Sources */ = {isa = PBXBuildFile; fileRef = CCB9EF3E1BE6FFCF00E733E5 /* AppDelegate.m */; };
		CCB9EF421BE6FFCF00E733E5 /* QYFirstViewController.m in Sources */ = {isa = PBXBuildFile; fileRef = CCB9EF411BE6FFCF00E733E5 /* QYFirstViewController.m */; };
		CCB9EF451BE6FFCF00E733E5 /* Main.storyboard in Resources */ = {isa = PBXBuildFile; fileRef = CCB9EF431BE6FFCF00E733E5 /* Main.storyboard */; };
		CCB9EF471BE6FFCF00E733E5 /* Images.xcassets in Resources */ = {isa = PBXBuildFile; fileRef = CCB9EF461BE6FFCF00E733E5 /* Images.xcassets */; };
		CCB9EF4A1BE6FFCF00E733E5 /* LaunchScreen.xib in Resources */ = {isa = PBXBuildFile; fileRef = CCB9EF481BE6FFCF00E733E5 /* LaunchScreen.xib */; };
		CCB9EF561BE6FFCF00E733E5 /* PickerViewDemoTests.m in Sources */ = {isa = PBXBuildFile; fileRef = CCB9EF551BE6FFCF00E733E5 /* PickerViewDemoTests.m */; };
/* End PBXBuildFile section */

/* Begin PBXContainerItemProxy section */
		CCB9EF501BE6FFCF00E733E5 /* PBXContainerItemProxy */ = {
			isa = PBXContainerItemProxy;
			containerPortal = CCB9EF2E1BE6FFCF00E733E5 /* Project object */;
			proxyType = 1;
			remoteGlobalIDString = CCB9EF351BE6FFCF00E733E5;
			remoteInfo = PickerViewDemo;
		};
/* End PBXContainerItemProxy section */

/* Begin PBXFileReference section */
		CC49DD391BE70F9400EE2041 /* apple.png */ = {isa = PBXFileReference; lastKnownFileType = image.png; path = apple.png; sourceTree = "<group>"; };
		CC49DD3A1BE70F9400EE2041 /* bar.png */ = {isa = PBXFileReference; lastKnownFileType = image.png; path = bar.png; sourceTree = "<group>"; };
		CC49DD3B1BE70F9400EE2041 /* cherry.png */ = {isa = PBXFileReference; lastKnownFileType = image.png; path = cherry.png; sourceTree = "<group>"; };
		CC49DD3C1BE70F9400EE2041 /* crown.png */ = {isa = PBXFileReference; lastKnownFileType = image.png; path = crown.png; sourceTree = "<group>"; };
		CC49DD3D1BE70F9400EE2041 /* lemon.png */ = {isa = PBXFileReference; lastKnownFileType = image.png; path = lemon.png; sourceTree = "<group>"; };
		CC49DD3E1BE70F9400EE2041 /* seven.png */ = {isa = PBXFileReference; lastKnownFileType = image.png; path = seven.png; sourceTree = "<group>"; };
		CC49DD401BE70F9400EE2041 /* crunch.wav */ = {isa = PBXFileReference; lastKnownFileType = audio.wav; path = crunch.wav; sourceTree = "<group>"; };
		CC49DD411BE70F9400EE2041 /* win.wav */ = {isa = PBXFileReference; lastKnownFileType = audio.wav; path = win.wav; sourceTree = "<group>"; };
		CC49DD421BE70F9400EE2041 /* statedictionary.plist */ = {isa = PBXFileReference; fileEncoding = 4; lastKnownFileType = text.plist.xml; path = statedictionary.plist; sourceTree = "<group>"; };
		CC49DD441BE70F9400EE2041 /* clockicon.png */ = {isa = PBXFileReference; lastKnownFileType = image.png; path = clockicon.png; sourceTree = "<group>"; };
		CC49DD451BE70F9400EE2041 /* dependenticon.png */ = {isa = PBXFileReference; lastKnownFileType = image.png; path = dependenticon.png; sourceTree = "<group>"; };
		CC49DD461BE70F9400EE2041 /* doubleicon.png */ = {isa = PBXFileReference; lastKnownFileType = image.png; path = doubleicon.png; sourceTree = "<group>"; };
		CC49DD471BE70F9400EE2041 /* singleicon.png */ = {isa = PBXFileReference; lastKnownFileType = image.png; path = singleicon.png; sourceTree = "<group>"; };
		CC49DD481BE70F9400EE2041 /* toolicon.png */ = {isa = PBXFileReference; lastKnownFileType = image.png; path = toolicon.png; sourceTree = "<group>"; };
		CC49DD571BE7102900EE2041 /* QYSecondViewController.h */ = {isa = PBXFileReference; fileEncoding = 4; lastKnownFileType = sourcecode.c.h; path = QYSecondViewController.h; sourceTree = "<group>"; };
		CC49DD581BE7102900EE2041 /* QYSecondViewController.m */ = {isa = PBXFileReference; fileEncoding = 4; lastKnownFileType = sourcecode.c.objc; path = QYSecondViewController.m; sourceTree = "<group>"; };
		CCB9EF361BE6FFCF00E733E5 /* PickerViewDemo.app */ = {isa = PBXFileReference; explicitFileType = wrapper.application; includeInIndex = 0; path = PickerViewDemo.app; sourceTree = BUILT_PRODUCTS_DIR; };
		CCB9EF3A1BE6FFCF00E733E5 /* Info.plist */ = {isa = PBXFileReference; lastKnownFileType = text.plist.xml; path = Info.plist; sourceTree = "<group>"; };
		CCB9EF3B1BE6FFCF00E733E5 /* main.m */ = {isa = PBXFileReference; lastKnownFileType = sourcecode.c.objc; path = main.m; sourceTree = "<group>"; };
		CCB9EF3D1BE6FFCF00E733E5 /* AppDelegate.h */ = {isa = PBXFileReference; lastKnownFileType = sourcecode.c.h; path = AppDelegate.h; sourceTree = "<group>"; };
		CCB9EF3E1BE6FFCF00E733E5 /* AppDelegate.m */ = {isa = PBXFileReference; lastKnownFileType = sourcecode.c.objc; path = AppDelegate.m; sourceTree = "<group>"; };
		CCB9EF401BE6FFCF00E733E5 /* QYFirstViewController.h */ = {isa = PBXFileReference; lastKnownFileType = sourcecode.c.h; path = QYFirstViewController.h; sourceTree = "<group>"; };
		CCB9EF411BE6FFCF00E733E5 /* QYFirstViewController.m */ = {isa = PBXFileReference; lastKnownFileType = sourcecode.c.objc; path = QYFirstViewController.m; sourceTree = "<group>"; };
		CCB9EF441BE6FFCF00E733E5 /* Base */ = {isa = PBXFileReference; lastKnownFileType = file.storyboard; name = Base; path = Base.lproj/Main.storyboard; sourceTree = "<group>"; };
		CCB9EF461BE6FFCF00E733E5 /* Images.xcassets */ = {isa = PBXFileReference; lastKnownFileType = folder.assetcatalog; path = Images.xcassets; sourceTree = "<group>"; };
		CCB9EF491BE6FFCF00E733E5 /* Base */ = {isa = PBXFileReference; lastKnownFileType = file.xib; name = Base; path = Base.lproj/LaunchScreen.xib; sourceTree = "<group>"; };
		CCB9EF4F1BE6FFCF00E733E5 /* PickerViewDemoTests.xctest */ = {isa = PBXFileReference; explicitFileType = wrapper.cfbundle; includeInIndex = 0; path = PickerViewDemoTests.xctest; sourceTree = BUILT_PRODUCTS_DIR; };
		CCB9EF541BE6FFCF00E733E5 /* Info.plist */ = {isa = PBXFileReference; lastKnownFileType = text.plist.xml; path = Info.plist; sourceTree = "<group>"; };
		CCB9EF551BE6FFCF00E733E5 /* PickerViewDemoTests.m */ = {isa = PBXFileReference; lastKnownFileType = sourcecode.c.objc; path = PickerViewDemoTests.m; sourceTree = "<group>"; };
/* End PBXFileReference section */

/* Begin PBXFrameworksBuildPhase section */
		CCB9EF331BE6FFCF00E733E5 /* Frameworks */ = {
			isa = PBXFrameworksBuildPhase;
			buildActionMask = 2147483647;
			files = (
			);
			runOnlyForDeploymentPostprocessing = 0;
		};
		CCB9EF4C1BE6FFCF00E733E5 /* Frameworks */ = {
			isa = PBXFrameworksBuildPhase;
			buildActionMask = 2147483647;
			files = (
			);
			runOnlyForDeploymentPostprocessing = 0;
		};
/* End PBXFrameworksBuildPhase section */

/* Begin PBXGroup section */
		CC49DD371BE70F9400EE2041 /* martial */ = {
			isa = PBXGroup;
			children = (
				CC49DD381BE70F9400EE2041 /* Custom Picker Images */,
				CC49DD3F1BE70F9400EE2041 /* Custom Picker Sounds */,
				CC49DD421BE70F9400EE2041 /* statedictionary.plist */,
				CC49DD431BE70F9400EE2041 /* Tab Bar Icons */,
			);
			path = martial;
			sourceTree = "<group>";
		};
		CC49DD381BE70F9400EE2041 /* Custom Picker Images */ = {
			isa = PBXGroup;
			children = (
				CC49DD391BE70F9400EE2041 /* apple.png */,
				CC49DD3A1BE70F9400EE2041 /* bar.png */,
				CC49DD3B1BE70F9400EE2041 /* cherry.png */,
				CC49DD3C1BE70F9400EE2041 /* crown.png */,
				CC49DD3D1BE70F9400EE2041 /* lemon.png */,
				CC49DD3E1BE70F9400EE2041 /* seven.png */,
			);
			path = "Custom Picker Images";
			sourceTree = "<group>";
		};
		CC49DD3F1BE70F9400EE2041 /* Custom Picker Sounds */ = {
			isa = PBXGroup;
			children = (
				CC49DD401BE70F9400EE2041 /* crunch.wav */,
				CC49DD411BE70F9400EE2041 /* win.wav */,
			);
			path = "Custom Picker Sounds";
			sourceTree = "<group>";
		};
		CC49DD431BE70F9400EE2041 /* Tab Bar Icons */ = {
			isa = PBXGroup;
			children = (
				CC49DD441BE70F9400EE2041 /* clockicon.png */,
				CC49DD451BE70F9400EE2041 /* dependenticon.png */,
				CC49DD461BE70F9400EE2041 /* doubleicon.png */,
				CC49DD471BE70F9400EE2041 /* singleicon.png */,
				CC49DD481BE70F9400EE2041 /* toolicon.png */,
			);
			path = "Tab Bar Icons";
			sourceTree = "<group>";
		};
		CCB9EF2D1BE6FFCF00E733E5 = {
			isa = PBXGroup;
			children = (
				CCB9EF381BE6FFCF00E733E5 /* PickerViewDemo */,
				CCB9EF521BE6FFCF00E733E5 /* PickerViewDemoTests */,
				CCB9EF371BE6FFCF00E733E5 /* Products */,
			);
			sourceTree = "<group>";
		};
		CCB9EF371BE6FFCF00E733E5 /* Products */ = {
			isa = PBXGroup;
			children = (
				CCB9EF361BE6FFCF00E733E5 /* PickerViewDemo.app */,
				CCB9EF4F1BE6FFCF00E733E5 /* PickerViewDemoTests.xctest */,
			);
			name = Products;
			sourceTree = "<group>";
		};
		CCB9EF381BE6FFCF00E733E5 /* PickerViewDemo */ = {
			isa = PBXGroup;
			children = (
				CCB9EF3D1BE6FFCF00E733E5 /* AppDelegate.h */,
				CCB9EF3E1BE6FFCF00E733E5 /* AppDelegate.m */,
				CCB9EF401BE6FFCF00E733E5 /* QYFirstViewController.h */,
				CCB9EF411BE6FFCF00E733E5 /* QYFirstViewController.m */,
				CC49DD571BE7102900EE2041 /* QYSecondViewController.h */,
				CC49DD581BE7102900EE2041 /* QYSecondViewController.m */,
				CCB9EF431BE6FFCF00E733E5 /* Main.storyboard */,
				CCB9EF461BE6FFCF00E733E5 /* Images.xcassets */,
				CCB9EF481BE6FFCF00E733E5 /* LaunchScreen.xib */,
				CCB9EF391BE6FFCF00E733E5 /* Supporting Files */,
			);
			path = PickerViewDemo;
			sourceTree = "<group>";
		};
		CCB9EF391BE6FFCF00E733E5 /* Supporting Files */ = {
			isa = PBXGroup;
			children = (
				CC49DD371BE70F9400EE2041 /* martial */,
				CCB9EF3A1BE6FFCF00E733E5 /* Info.plist */,
				CCB9EF3B1BE6FFCF00E733E5 /* main.m */,
			);
			name = "Supporting Files";
			sourceTree = "<group>";
		};
		CCB9EF521BE6FFCF00E733E5 /* PickerViewDemoTests */ = {
			isa = PBXGroup;
			children = (
				CCB9EF551BE6FFCF00E733E5 /* PickerViewDemoTests.m */,
				CCB9EF531BE6FFCF00E733E5 /* Supporting Files */,
			);
			path = PickerViewDemoTests;
			sourceTree = "<group>";
		};
		CCB9EF531BE6FFCF00E733E5 /* Supporting Files */ = {
			isa = PBXGroup;
			children = (
				CCB9EF541BE6FFCF00E733E5 /* Info.plist */,
			);
			name = "Supporting Files";
			sourceTree = "<group>";
		};
/* End PBXGroup section */

/* Begin PBXNativeTarget section */
		CCB9EF351BE6FFCF00E733E5 /* PickerViewDemo */ = {
			isa = PBXNativeTarget;
			buildConfigurationList = CCB9EF591BE6FFCF00E733E5 /* Build configuration list for PBXNativeTarget "PickerViewDemo" */;
			buildPhases = (
				CCB9EF321BE6FFCF00E733E5 /* Sources */,
				CCB9EF331BE6FFCF00E733E5 /* Frameworks */,
				CCB9EF341BE6FFCF00E733E5 /* Resources */,
			);
			buildRules = (
			);
			dependencies = (
			);
			name = PickerViewDemo;
			productName = PickerViewDemo;
			productReference = CCB9EF361BE6FFCF00E733E5 /* PickerViewDemo.app */;
			productType = "com.apple.product-type.application";
		};
		CCB9EF4E1BE6FFCF00E733E5 /* PickerViewDemoTests */ = {
			isa = PBXNativeTarget;
			buildConfigurationList = CCB9EF5C1BE6FFCF00E733E5 /* Build configuration list for PBXNativeTarget "PickerViewDemoTests" */;
			buildPhases = (
				CCB9EF4B1BE6FFCF00E733E5 /* Sources */,
				CCB9EF4C1BE6FFCF00E733E5 /* Frameworks */,
				CCB9EF4D1BE6FFCF00E733E5 /* Resources */,
			);
			buildRules = (
			);
			dependencies = (
				CCB9EF511BE6FFCF00E733E5 /* PBXTargetDependency */,
			);
			name = PickerViewDemoTests;
			productName = PickerViewDemoTests;
			productReference = CCB9EF4F1BE6FFCF00E733E5 /* PickerViewDemoTests.xctest */;
			productType = "com.apple.product-type.bundle.unit-test";
		};
/* End PBXNativeTarget section */

/* Begin PBXProject section */
		CCB9EF2E1BE6FFCF00E733E5 /* Project object */ = {
			isa = PBXProject;
			attributes = {
				LastUpgradeCheck = 0630;
				ORGANIZATIONNAME = hnqingyun;
				TargetAttributes = {
					CCB9EF351BE6FFCF00E733E5 = {
						CreatedOnToolsVersion = 6.3;
					};
					CCB9EF4E1BE6FFCF00E733E5 = {
						CreatedOnToolsVersion = 6.3;
						TestTargetID = CCB9EF351BE6FFCF00E733E5;
					};
				};
			};
			buildConfigurationList = CCB9EF311BE6FFCF00E733E5 /* Build configuration list for PBXProject "PickerViewDemo" */;
			compatibilityVersion = "Xcode 3.2";
			developmentRegion = English;
			hasScannedForEncodings = 0;
			knownRegions = (
				en,
				Base,
			);
			mainGroup = CCB9EF2D1BE6FFCF00E733E5;
			productRefGroup = CCB9EF371BE6FFCF00E733E5 /* Products */;
			projectDirPath = "";
			projectRoot = "";
			targets = (
				CCB9EF351BE6FFCF00E733E5 /* PickerViewDemo */,
				CCB9EF4E1BE6FFCF00E733E5 /* PickerViewDemoTests */,
			);
		};
/* End PBXProject section */

/* Begin PBXResourcesBuildPhase section */
		CCB9EF341BE6FFCF00E733E5 /* Resources */ = {
			isa = PBXResourcesBuildPhase;
			buildActionMask = 2147483647;
			files = (
				CC49DD4B1BE70F9400EE2041 /* cherry.png in Resources */,
				CC49DD561BE70F9400EE2041 /* toolicon.png in Resources */,
				CC49DD541BE70F9400EE2041 /* doubleicon.png in Resources */,
				CC49DD4E1BE70F9400EE2041 /* seven.png in Resources */,
				CCB9EF451BE6FFCF00E733E5 /* Main.storyboard in Resources */,
				CC49DD521BE70F9400EE2041 /* clockicon.png in Resources */,
				CC49DD4A1BE70F9400EE2041 /* bar.png in Resources */,
				CCB9EF4A1BE6FFCF00E733E5 /* LaunchScreen.xib in Resources */,
				CC49DD4F1BE70F9400EE2041 /* crunch.wav in Resources */,
				CC49DD511BE70F9400EE2041 /* statedictionary.plist in Resources */,
				CC49DD501BE70F9400EE2041 /* win.wav in Resources */,
				CC49DD491BE70F9400EE2041 /* apple.png in Resources */,
				CC49DD4C1BE70F9400EE2041 /* crown.png in Resources */,
				CC49DD551BE70F9400EE2041 /* singleicon.png in Resources */,
				CCB9EF471BE6FFCF00E733E5 /* Images.xcassets in Resources */,
				CC49DD531BE70F9400EE2041 /* dependenticon.png in Resources */,
				CC49DD4D1BE70F9400EE2041 /* lemon.png in Resources */,
			);
			runOnlyForDeploymentPostprocessing = 0;
		};
		CCB9EF4D1BE6FFCF00E733E5 /* Resources */ = {
			isa = PBXResourcesBuildPhase;
			buildActionMask = 2147483647;
			files = (
			);
			runOnlyForDeploymentPostprocessing = 0;
		};
/* End PBXResourcesBuildPhase section */

/* Begin PBXSourcesBuildPhase section */
		CCB9EF321BE6FFCF00E733E5 /* Sources */ = {
			isa = PBXSourcesBuildPhase;
			buildActionMask = 2147483647;
			files = (
				CC49DD591BE7102900EE2041 /* QYSecondViewController.m in Sources */,
				CCB9EF421BE6FFCF00E733E5 /* QYFirstViewController.m in Sources */,
				CCB9EF3F1BE6FFCF00E733E5 /* AppDelegate.m in Sources */,
				CCB9EF3C1BE6FFCF00E733E5 /* main.m in Sources */,
			);
			runOnlyForDeploymentPostprocessing = 0;
		};
		CCB9EF4B1BE6FFCF00E733E5 /* Sources */ = {
			isa = PBXSourcesBuildPhase;
			buildActionMask = 2147483647;
			files = (
				CCB9EF561BE6FFCF00E733E5 /* PickerViewDemoTests.m in Sources */,
			);
			runOnlyForDeploymentPostprocessing = 0;
		};
/* End PBXSourcesBuildPhase section */

/* Begin PBXTargetDependency section */
		CCB9EF511BE6FFCF00E733E5 /* PBXTargetDependency */ = {
			isa = PBXTargetDependency;
			target = CCB9EF351BE6FFCF00E733E5 /* PickerViewDemo */;
			targetProxy = CCB9EF501BE6FFCF00E733E5 /* PBXContainerItemProxy */;
		};
/* End PBXTargetDependency section */

/* Begin PBXVariantGroup section */
		CCB9EF431BE6FFCF00E733E5 /* Main.storyboard */ = {
			isa = PBXVariantGroup;
			children = (
				CCB9EF441BE6FFCF00E733E5 /* Base */,
			);
			name = Main.storyboard;
			sourceTree = "<group>";
		};
		CCB9EF481BE6FFCF00E733E5 /* LaunchScreen.xib */ = {
			isa = PBXVariantGroup;
			children = (
				CCB9EF491BE6FFCF00E733E5 /* Base */,
			);
			name = LaunchScreen.xib;
			sourceTree = "<group>";
		};
/* End PBXVariantGroup section */

/* Begin XCBuildConfiguration section */
		CCB9EF571BE6FFCF00E733E5 /* Debug */ = {
			isa = XCBuildConfiguration;
			buildSettings = {
				ALWAYS_SEARCH_USER_PATHS = NO;
				CLANG_CXX_LANGUAGE_STANDARD = "gnu++0x";
				CLANG_CXX_LIBRARY = "libc++";
				CLANG_ENABLE_MODULES = YES;
				CLANG_ENABLE_OBJC_ARC = YES;
				CLANG_WARN_BOOL_CONVERSION = YES;
				CLANG_WARN_CONSTANT_CONVERSION = YES;
				CLANG_WARN_DIRECT_OBJC_ISA_USAGE = YES_ERROR;
				CLANG_WARN_EMPTY_BODY = YES;
				CLANG_WARN_ENUM_CONVERSION = YES;
				CLANG_WARN_INT_CONVERSION = YES;
				CLANG_WARN_OBJC_ROOT_CLASS = YES_ERROR;
				CLANG_WARN_UNREACHABLE_CODE = YES;
				CLANG_WARN__DUPLICATE_METHOD_MATCH = YES;
				"CODE_SIGN_IDENTITY[sdk=iphoneos*]" = "iPhone Developer";
				COPY_PHASE_STRIP = NO;
				DEBUG_INFORMATION_FORMAT = "dwarf-with-dsym";
				ENABLE_STRICT_OBJC_MSGSEND = YES;
				GCC_C_LANGUAGE_STANDARD = gnu99;
				GCC_DYNAMIC_NO_PIC = NO;
				GCC_NO_COMMON_BLOCKS = YES;
				GCC_OPTIMIZATION_LEVEL = 0;
				GCC_PREPROCESSOR_DEFINITIONS = (
					"DEBUG=1",
					"$(inherited)",
				);
				GCC_SYMBOLS_PRIVATE_EXTERN = NO;
				GCC_WARN_64_TO_32_BIT_CONVERSION = YES;
				GCC_WARN_ABOUT_RETURN_TYPE = YES_ERROR;
				GCC_WARN_UNDECLARED_SELECTOR = YES;
				GCC_WARN_UNINITIALIZED_AUTOS = YES_AGGRESSIVE;
				GCC_WARN_UNUSED_FUNCTION = YES;
				GCC_WARN_UNUSED_VARIABLE = YES;
				IPHONEOS_DEPLOYMENT_TARGET = 8.3;
				MTL_ENABLE_DEBUG_INFO = YES;
				ONLY_ACTIVE_ARCH = YES;
				SDKROOT = iphoneos;
			};
			name = Debug;
		};
		CCB9EF581BE6FFCF00E733E5 /* Release */ = {
			isa = XCBuildConfiguration;
			buildSettings = {
				ALWAYS_SEARCH_USER_PATHS = NO;
				CLANG_CXX_LANGUAGE_STANDARD = "gnu++0x";
				CLANG_CXX_LIBRARY = "libc++";
				CLANG_ENABLE_MODULES = YES;
				CLANG_ENABLE_OBJC_ARC = YES;
				CLANG_WARN_BOOL_CONVERSION = YES;
				CLANG_WARN_CONSTANT_CONVERSION = YES;
				CLANG_WARN_DIRECT_OBJC_ISA_USAGE = YES_ERROR;
				CLANG_WARN_EMPTY_BODY = YES;
				CLANG_WARN_ENUM_CONVERSION = YES;
				CLANG_WARN_INT_CONVERSION = YES;
				CLANG_WARN_OBJC_ROOT_CLASS = YES_ERROR;
				CLANG_WARN_UNREACHABLE_CODE = YES;
				CLANG_WARN__DUPLICATE_METHOD_MATCH = YES;
				"CODE_SIGN_IDENTITY[sdk=iphoneos*]" = "iPhone Developer";
				COPY_PHASE_STRIP = NO;
				DEBUG_INFORMATION_FORMAT = "dwarf-with-dsym";
				ENABLE_NS_ASSERTIONS = NO;
				ENABLE_STRICT_OBJC_MSGSEND = YES;
				GCC_C_LANGUAGE_STANDARD = gnu99;
				GCC_NO_COMMON_BLOCKS = YES;
				GCC_WARN_64_TO_32_BIT_CONVERSION = YES;
				GCC_WARN_ABOUT_RETURN_TYPE = YES_ERROR;
				GCC_WARN_UNDECLARED_SELECTOR = YES;
				GCC_WARN_UNINITIALIZED_AUTOS = YES_AGGRESSIVE;
				GCC_WARN_UNUSED_FUNCTION = YES;
				GCC_WARN_UNUSED_VARIABLE = YES;
				IPHONEOS_DEPLOYMENT_TARGET = 8.3;
				MTL_ENABLE_DEBUG_INFO = NO;
				SDKROOT = iphoneos;
				VALIDATE_PRODUCT = YES;
			};
			name = Release;
		};
		CCB9EF5A1BE6FFCF00E733E5 /* Debug */ = {
			isa = XCBuildConfiguration;
			buildSettings = {
				ASSETCATALOG_COMPILER_APPICON_NAME = AppIcon;
				INFOPLIST_FILE = PickerViewDemo/Info.plist;
				LD_RUNPATH_SEARCH_PATHS = "$(inherited) @executable_path/Frameworks";
				PRODUCT_NAME = "$(TARGET_NAME)";
			};
			name = Debug;
		};
		CCB9EF5B1BE6FFCF00E733E5 /* Release */ = {
			isa = XCBuildConfiguration;
			buildSettings = {
				ASSETCATALOG_COMPILER_APPICON_NAME = AppIcon;
				INFOPLIST_FILE = PickerViewDemo/Info.plist;
				LD_RUNPATH_SEARCH_PATHS = "$(inherited) @executable_path/Frameworks";
				PRODUCT_NAME = "$(TARGET_NAME)";
			};
			name = Release;
		};
		CCB9EF5D1BE6FFCF00E733E5 /* Debug */ = {
			isa = XCBuildConfiguration;
			buildSettings = {
				BUNDLE_LOADER = "$(TEST_HOST)";
				FRAMEWORK_SEARCH_PATHS = (
					"$(SDKROOT)/Developer/Library/Frameworks",
					"$(inherited)",
				);
				GCC_PREPROCESSOR_DEFINITIONS = (
					"DEBUG=1",
					"$(inherited)",
				);
				INFOPLIST_FILE = PickerViewDemoTests/Info.plist;
				LD_RUNPATH_SEARCH_PATHS = "$(inherited) @executable_path/Frameworks @loader_path/Frameworks";
				PRODUCT_NAME = "$(TARGET_NAME)";
				TEST_HOST = "$(BUILT_PRODUCTS_DIR)/PickerViewDemo.app/PickerViewDemo";
			};
			name = Debug;
		};
		CCB9EF5E1BE6FFCF00E733E5 /* Release */ = {
			isa = XCBuildConfiguration;
			buildSettings = {
				BUNDLE_LOADER = "$(TEST_HOST)";
				FRAMEWORK_SEARCH_PATHS = (
					"$(SDKROOT)/Developer/Library/Frameworks",
					"$(inherited)",
				);
				INFOPLIST_FILE = PickerViewDemoTests/Info.plist;
				LD_RUNPATH_SEARCH_PATHS = "$(inherited) @executable_path/Frameworks @loader_path/Frameworks";
				PRODUCT_NAME = "$(TARGET_NAME)";
				TEST_HOST = "$(BUILT_PRODUCTS_DIR)/PickerViewDemo.app/PickerViewDemo";
			};
			name = Release;
		};
/* End XCBuildConfiguration section */

/* Begin XCConfigurationList section */
		CCB9EF311BE6FFCF00E733E5 /* Build configuration list for PBXProject "PickerViewDemo" */ = {
			isa = XCConfigurationList;
			buildConfigurations = (
				CCB9EF571BE6FFCF00E733E5 /* Debug */,
				CCB9EF581BE6FFCF00E733E5 /* Release */,
			);
			defaultConfigurationIsVisible = 0;
			defaultConfigurationName = Release;
		};
		CCB9EF591BE6FFCF00E733E5 /* Build configuration list for PBXNativeTarget "PickerViewDemo" */ = {
			isa = XCConfigurationList;
			buildConfigurations = (
				CCB9EF5A1BE6FFCF00E733E5 /* Debug */,
				CCB9EF5B1BE6FFCF00E733E5 /* Release */,
			);
			defaultConfigurationIsVisible = 0;
			defaultConfigurationName = Release;
		};
		CCB9EF5C1BE6FFCF00E733E5 /* Build configuration list for PBXNativeTarget "PickerViewDemoTests" */ = {
			isa = XCConfigurationList;
			buildConfigurations = (
				CCB9EF5D1BE6FFCF00E733E5 /* Debug */,
				CCB9EF5E1BE6FFCF00E733E5 /* Release */,
			);
			defaultConfigurationIsVisible = 0;
			defaultConfigurationName = Release;
		};
/* End XCConfigurationList section */
	};
	rootObject = CCB9EF2E1BE6FFCF00E733E5 /* Project object */;
}
